// !$*UTF8*$!
{
	archiveVersion = 1;
	classes = {
	};
	objectVersion = 56;
	objects = {

/* Begin PBXBuildFile section */
		828BEA032A58EF5A00F031EA /* iDNSApp.swift in Sources */ = {isa = PBXBuildFile; fileRef = 828BEA022A58EF5A00F031EA /* iDNSApp.swift */; };
		828BEA052A58EF5A00F031EA /* ContentView.swift in Sources */ = {isa = PBXBuildFile; fileRef = 828BEA042A58EF5A00F031EA /* ContentView.swift */; };
		828BEA072A58EF5C00F031EA /* Assets.xcassets in Resources */ = {isa = PBXBuildFile; fileRef = 828BEA062A58EF5C00F031EA /* Assets.xcassets */; };
		828BEA0A2A58EF5C00F031EA /* Preview Assets.xcassets in Resources */ = {isa = PBXBuildFile; fileRef = 828BEA092A58EF5C00F031EA /* Preview Assets.xcassets */; };
		828BEA0C2A58EF5C00F031EA /* Persistence.swift in Sources */ = {isa = PBXBuildFile; fileRef = 828BEA0B2A58EF5C00F031EA /* Persistence.swift */; };
		828BEA0F2A58EF5C00F031EA /* iDNS.xcdatamodeld in Sources */ = {isa = PBXBuildFile; fileRef = 828BEA0D2A58EF5C00F031EA /* iDNS.xcdatamodeld */; };
		828BEA192A58EF5C00F031EA /* iDNSTests.swift in Sources */ = {isa = PBXBuildFile; fileRef = 828BEA182A58EF5C00F031EA /* iDNSTests.swift */; };
		828BEA232A58EF5C00F031EA /* iDNSUITests.swift in Sources */ = {isa = PBXBuildFile; fileRef = 828BEA222A58EF5C00F031EA /* iDNSUITests.swift */; };
		828BEA252A58EF5C00F031EA /* iDNSUITestsLaunchTests.swift in Sources */ = {isa = PBXBuildFile; fileRef = 828BEA242A58EF5C00F031EA /* iDNSUITestsLaunchTests.swift */; };
/* End PBXBuildFile section */

/* Begin PBXContainerItemProxy section */
		828BEA152A58EF5C00F031EA /* PBXContainerItemProxy */ = {
			isa = PBXContainerItemProxy;
			containerPortal = 828BE9F72A58EF5A00F031EA /* Project object */;
			proxyType = 1;
			remoteGlobalIDString = 828BE9FE2A58EF5A00F031EA;
			remoteInfo = iDNS;
		};
		828BEA1F2A58EF5C00F031EA /* PBXContainerItemProxy */ = {
			isa = PBXContainerItemProxy;
			containerPortal = 828BE9F72A58EF5A00F031EA /* Project object */;
			proxyType = 1;
			remoteGlobalIDString = 828BE9FE2A58EF5A00F031EA;
			remoteInfo = iDNS;
		};
/* End PBXContainerItemProxy section */

/* Begin PBXFileReference section */
		828BE9FF2A58EF5A00F031EA /* iDNS.app */ = {isa = PBXFileReference; explicitFileType = wrapper.application; includeInIndex = 0; path = iDNS.app; sourceTree = BUILT_PRODUCTS_DIR; };
		828BEA022A58EF5A00F031EA /* iDNSApp.swift */ = {isa = PBXFileReference; lastKnownFileType = sourcecode.swift; path = iDNSApp.swift; sourceTree = "<group>"; };
		828BEA042A58EF5A00F031EA /* ContentView.swift */ = {isa = PBXFileReference; lastKnownFileType = sourcecode.swift; path = ContentView.swift; sourceTree = "<group>"; };
		828BEA062A58EF5C00F031EA /* Assets.xcassets */ = {isa = PBXFileReference; lastKnownFileType = folder.assetcatalog; path = Assets.xcassets; sourceTree = "<group>"; };
		828BEA092A58EF5C00F031EA /* Preview Assets.xcassets */ = {isa = PBXFileReference; lastKnownFileType = folder.assetcatalog; path = "Preview Assets.xcassets"; sourceTree = "<group>"; };
		828BEA0B2A58EF5C00F031EA /* Persistence.swift */ = {isa = PBXFileReference; lastKnownFileType = sourcecode.swift; path = Persistence.swift; sourceTree = "<group>"; };
		828BEA0E2A58EF5C00F031EA /* iDNS.xcdatamodel */ = {isa = PBXFileReference; lastKnownFileType = wrapper.xcdatamodel; path = iDNS.xcdatamodel; sourceTree = "<group>"; };
		828BEA142A58EF5C00F031EA /* iDNSTests.xctest */ = {isa = PBXFileReference; explicitFileType = wrapper.cfbundle; includeInIndex = 0; path = iDNSTests.xctest; sourceTree = BUILT_PRODUCTS_DIR; };
		828BEA182A58EF5C00F031EA /* iDNSTests.swift */ = {isa = PBXFileReference; lastKnownFileType = sourcecode.swift; path = iDNSTests.swift; sourceTree = "<group>"; };
		828BEA1E2A58EF5C00F031EA /* iDNSUITests.xctest */ = {isa = PBXFileReference; explicitFileType = wrapper.cfbundle; includeInIndex = 0; path = iDNSUITests.xctest; sourceTree = BUILT_PRODUCTS_DIR; };
		828BEA222A58EF5C00F031EA /* iDNSUITests.swift */ = {isa = PBXFileReference; lastKnownFileType = sourcecode.swift; path = iDNSUITests.swift; sourceTree = "<group>"; };
		828BEA242A58EF5C00F031EA /* iDNSUITestsLaunchTests.swift */ = {isa = PBXFileReference; lastKnownFileType = sourcecode.swift; path = iDNSUITestsLaunchTests.swift; sourceTree = "<group>"; };
/* End PBXFileReference section */

/* Begin PBXFrameworksBuildPhase section */
		828BE9FC2A58EF5A00F031EA /* Frameworks */ = {
			isa = PBXFrameworksBuildPhase;
			buildActionMask = 2147483647;
			files = (
			);
			runOnlyForDeploymentPostprocessing = 0;
		};
		828BEA112A58EF5C00F031EA /* Frameworks */ = {
			isa = PBXFrameworksBuildPhase;
			buildActionMask = 2147483647;
			files = (
			);
			runOnlyForDeploymentPostprocessing = 0;
		};
		828BEA1B2A58EF5C00F031EA /* Frameworks */ = {
			isa = PBXFrameworksBuildPhase;
			buildActionMask = 2147483647;
			files = (
			);
			runOnlyForDeploymentPostprocessing = 0;
		};
/* End PBXFrameworksBuildPhase section */

/* Begin PBXGroup section */
		828BE9F62A58EF5A00F031EA = {
			isa = PBXGroup;
			children = (
				828BEA012A58EF5A00F031EA /* iDNS */,
				828BEA172A58EF5C00F031EA /* iDNSTests */,
				828BEA212A58EF5C00F031EA /* iDNSUITests */,
				828BEA002A58EF5A00F031EA /* Products */,
			);
			sourceTree = "<group>";
		};
		828BEA002A58EF5A00F031EA /* Products */ = {
			isa = PBXGroup;
			children = (
				828BE9FF2A58EF5A00F031EA /* iDNS.app */,
				828BEA142A58EF5C00F031EA /* iDNSTests.xctest */,
				828BEA1E2A58EF5C00F031EA /* iDNSUITests.xctest */,
			);
			name = Products;
			sourceTree = "<group>";
		};
		828BEA012A58EF5A00F031EA /* iDNS */ = {
			isa = PBXGroup;
			children = (
				828BEA022A58EF5A00F031EA /* iDNSApp.swift */,
				828BEA042A58EF5A00F031EA /* ContentView.swift */,
				828BEA062A58EF5C00F031EA /* Assets.xcassets */,
				828BEA0B2A58EF5C00F031EA /* Persistence.swift */,
				828BEA0D2A58EF5C00F031EA /* iDNS.xcdatamodeld */,
				828BEA082A58EF5C00F031EA /* Preview Content */,
			);
			path = iDNS;
			sourceTree = "<group>";
		};
		828BEA082A58EF5C00F031EA /* Preview Content */ = {
			isa = PBXGroup;
			children = (
				828BEA092A58EF5C00F031EA /* Preview Assets.xcassets */,
			);
			path = "Preview Content";
			sourceTree = "<group>";
		};
		828BEA172A58EF5C00F031EA /* iDNSTests */ = {
			isa = PBXGroup;
			children = (
				828BEA182A58EF5C00F031EA /* iDNSTests.swift */,
			);
			path = iDNSTests;
			sourceTree = "<group>";
		};
		828BEA212A58EF5C00F031EA /* iDNSUITests */ = {
			isa = PBXGroup;
			children = (
				828BEA222A58EF5C00F031EA /* iDNSUITests.swift */,
				828BEA242A58EF5C00F031EA /* iDNSUITestsLaunchTests.swift */,
			);
			path = iDNSUITests;
			sourceTree = "<group>";
		};
/* End PBXGroup section */

/* Begin PBXNativeTarget section */
		828BE9FE2A58EF5A00F031EA /* iDNS */ = {
			isa = PBXNativeTarget;
			buildConfigurationList = 828BEA282A58EF5C00F031EA /* Build configuration list for PBXNativeTarget "iDNS" */;
			buildPhases = (
				828BE9FB2A58EF5A00F031EA /* Sources */,
				828BE9FC2A58EF5A00F031EA /* Frameworks */,
				828BE9FD2A58EF5A00F031EA /* Resources */,
			);
			buildRules = (
			);
			dependencies = (
			);
			name = iDNS;
			productName = iDNS;
			productReference = 828BE9FF2A58EF5A00F031EA /* iDNS.app */;
			productType = "com.apple.product-type.application";
		};
		828BEA132A58EF5C00F031EA /* iDNSTests */ = {
			isa = PBXNativeTarget;
			buildConfigurationList = 828BEA2B2A58EF5C00F031EA /* Build configuration list for PBXNativeTarget "iDNSTests" */;
			buildPhases = (
				828BEA102A58EF5C00F031EA /* Sources */,
				828BEA112A58EF5C00F031EA /* Frameworks */,
				828BEA122A58EF5C00F031EA /* Resources */,
			);
			buildRules = (
			);
			dependencies = (
				828BEA162A58EF5C00F031EA /* PBXTargetDependency */,
			);
			name = iDNSTests;
			productName = iDNSTests;
			productReference = 828BEA142A58EF5C00F031EA /* iDNSTests.xctest */;
			productType = "com.apple.product-type.bundle.unit-test";
		};
		828BEA1D2A58EF5C00F031EA /* iDNSUITests */ = {
			isa = PBXNativeTarget;
			buildConfigurationList = 828BEA2E2A58EF5C00F031EA /* Build configuration list for PBXNativeTarget "iDNSUITests" */;
			buildPhases = (
				828BEA1A2A58EF5C00F031EA /* Sources */,
				828BEA1B2A58EF5C00F031EA /* Frameworks */,
				828BEA1C2A58EF5C00F031EA /* Resources */,
			);
			buildRules = (
			);
			dependencies = (
				828BEA202A58EF5C00F031EA /* PBXTargetDependency */,
			);
			name = iDNSUITests;
			productName = iDNSUITests;
			productReference = 828BEA1E2A58EF5C00F031EA /* iDNSUITests.xctest */;
			productType = "com.apple.product-type.bundle.ui-testing";
		};
/* End PBXNativeTarget section */

/* Begin PBXProject section */
		828BE9F72A58EF5A00F031EA /* Project object */ = {
			isa = PBXProject;
			attributes = {
				BuildIndependentTargetsInParallel = 1;
				LastSwiftUpdateCheck = 1430;
				LastUpgradeCheck = 1430;
				TargetAttributes = {
					828BE9FE2A58EF5A00F031EA = {
						CreatedOnToolsVersion = 14.3;
					};
					828BEA132A58EF5C00F031EA = {
						CreatedOnToolsVersion = 14.3;
						TestTargetID = 828BE9FE2A58EF5A00F031EA;
					};
					828BEA1D2A58EF5C00F031EA = {
						CreatedOnToolsVersion = 14.3;
						TestTargetID = 828BE9FE2A58EF5A00F031EA;
					};
				};
			};
			buildConfigurationList = 828BE9FA2A58EF5A00F031EA /* Build configuration list for PBXProject "iDNS" */;
			compatibilityVersion = "Xcode 14.0";
			developmentRegion = en;
			hasScannedForEncodings = 0;
			knownRegions = (
				en,
				Base,
			);
			mainGroup = 828BE9F62A58EF5A00F031EA;
			productRefGroup = 828BEA002A58EF5A00F031EA /* Products */;
			projectDirPath = "";
			projectRoot = "";
			targets = (
				828BE9FE2A58EF5A00F031EA /* iDNS */,
				828BEA132A58EF5C00F031EA /* iDNSTests */,
				828BEA1D2A58EF5C00F031EA /* iDNSUITests */,
			);
		};
/* End PBXProject section */

/* Begin PBXResourcesBuildPhase section */
		828BE9FD2A58EF5A00F031EA /* Resources */ = {
			isa = PBXResourcesBuildPhase;
			buildActionMask = 2147483647;
			files = (
				828BEA0A2A58EF5C00F031EA /* Preview Assets.xcassets in Resources */,
				828BEA072A58EF5C00F031EA /* Assets.xcassets in Resources */,
			);
			runOnlyForDeploymentPostprocessing = 0;
		};
		828BEA122A58EF5C00F031EA /* Resources */ = {
			isa = PBXResourcesBuildPhase;
			buildActionMask = 2147483647;
			files = (
			);
			runOnlyForDeploymentPostprocessing = 0;
		};
		828BEA1C2A58EF5C00F031EA /* Resources */ = {
			isa = PBXResourcesBuildPhase;
			buildActionMask = 2147483647;
			files = (
			);
			runOnlyForDeploymentPostprocessing = 0;
		};
/* End PBXResourcesBuildPhase section */

/* Begin PBXSourcesBuildPhase section */
		828BE9FB2A58EF5A00F031EA /* Sources */ = {
			isa = PBXSourcesBuildPhase;
			buildActionMask = 2147483647;
			files = (
				828BEA0C2A58EF5C00F031EA /* Persistence.swift in Sources */,
				828BEA052A58EF5A00F031EA /* ContentView.swift in Sources */,
				828BEA032A58EF5A00F031EA /* iDNSApp.swift in Sources */,
				828BEA0F2A58EF5C00F031EA /* iDNS.xcdatamodeld in Sources */,
			);
			runOnlyForDeploymentPostprocessing = 0;
		};
		828BEA102A58EF5C00F031EA /* Sources */ = {
			isa = PBXSourcesBuildPhase;
			buildActionMask = 2147483647;
			files = (
				828BEA192A58EF5C00F031EA /* iDNSTests.swift in Sources */,
			);
			runOnlyForDeploymentPostprocessing = 0;
		};
		828BEA1A2A58EF5C00F031EA /* Sources */ = {
			isa = PBXSourcesBuildPhase;
			buildActionMask = 2147483647;
			files = (
				828BEA252A58EF5C00F031EA /* iDNSUITestsLaunchTests.swift in Sources */,
				828BEA232A58EF5C00F031EA /* iDNSUITests.swift in Sources */,
			);
			runOnlyForDeploymentPostprocessing = 0;
		};
/* End PBXSourcesBuildPhase section */

/* Begin PBXTargetDependency section */
		828BEA162A58EF5C00F031EA /* PBXTargetDependency */ = {
			isa = PBXTargetDependency;
			target = 828BE9FE2A58EF5A00F031EA /* iDNS */;
			targetProxy = 828BEA152A58EF5C00F031EA /* PBXContainerItemProxy */;
		};
		828BEA202A58EF5C00F031EA /* PBXTargetDependency */ = {
			isa = PBXTargetDependency;
			target = 828BE9FE2A58EF5A00F031EA /* iDNS */;
			targetProxy = 828BEA1F2A58EF5C00F031EA /* PBXContainerItemProxy */;
		};
/* End PBXTargetDependency section */

/* Begin XCBuildConfiguration section */
		828BEA262A58EF5C00F031EA /* Debug */ = {
			isa = XCBuildConfiguration;
			buildSettings = {
				ALWAYS_SEARCH_USER_PATHS = NO;
				CLANG_ANALYZER_NONNULL = YES;
				CLANG_ANALYZER_NUMBER_OBJECT_CONVERSION = YES_AGGRESSIVE;
				CLANG_CXX_LANGUAGE_STANDARD = "gnu++20";
				CLANG_ENABLE_MODULES = YES;
				CLANG_ENABLE_OBJC_ARC = YES;
				CLANG_ENABLE_OBJC_WEAK = YES;
				CLANG_WARN_BLOCK_CAPTURE_AUTORELEASING = YES;
				CLANG_WARN_BOOL_CONVERSION = YES;
				CLANG_WARN_COMMA = YES;
				CLANG_WARN_CONSTANT_CONVERSION = YES;
				CLANG_WARN_DEPRECATED_OBJC_IMPLEMENTATIONS = YES;
				CLANG_WARN_DIRECT_OBJC_ISA_USAGE = YES_ERROR;
				CLANG_WARN_DOCUMENTATION_COMMENTS = YES;
				CLANG_WARN_EMPTY_BODY = YES;
				CLANG_WARN_ENUM_CONVERSION = YES;
				CLANG_WARN_INFINITE_RECURSION = YES;
				CLANG_WARN_INT_CONVERSION = YES;
				CLANG_WARN_NON_LITERAL_NULL_CONVERSION = YES;
				CLANG_WARN_OBJC_IMPLICIT_RETAIN_SELF = YES;
				CLANG_WARN_OBJC_LITERAL_CONVERSION = YES;
				CLANG_WARN_OBJC_ROOT_CLASS = YES_ERROR;
				CLANG_WARN_QUOTED_INCLUDE_IN_FRAMEWORK_HEADER = YES;
				CLANG_WARN_RANGE_LOOP_ANALYSIS = YES;
				CLANG_WARN_STRICT_PROTOTYPES = YES;
				CLANG_WARN_SUSPICIOUS_MOVE = YES;
				CLANG_WARN_UNGUARDED_AVAILABILITY = YES_AGGRESSIVE;
				CLANG_WARN_UNREACHABLE_CODE = YES;
				CLANG_WARN__DUPLICATE_METHOD_MATCH = YES;
				COPY_PHASE_STRIP = NO;
				DEBUG_INFORMATION_FORMAT = dwarf;
				ENABLE_STRICT_OBJC_MSGSEND = YES;
				ENABLE_TESTABILITY = YES;
				GCC_C_LANGUAGE_STANDARD = gnu11;
				GCC_DYNAMIC_NO_PIC = NO;
				GCC_NO_COMMON_BLOCKS = YES;
				GCC_OPTIMIZATION_LEVEL = 0;
				GCC_PREPROCESSOR_DEFINITIONS = (
					"DEBUG=1",
					"$(inherited)",
				);
				GCC_WARN_64_TO_32_BIT_CONVERSION = YES;
				GCC_WARN_ABOUT_RETURN_TYPE = YES_ERROR;
				GCC_WARN_UNDECLARED_SELECTOR = YES;
				GCC_WARN_UNINITIALIZED_AUTOS = YES_AGGRESSIVE;
				GCC_WARN_UNUSED_FUNCTION = YES;
				GCC_WARN_UNUSED_VARIABLE = YES;
				IPHONEOS_DEPLOYMENT_TARGET = 16.4;
				MTL_ENABLE_DEBUG_INFO = INCLUDE_SOURCE;
				MTL_FAST_MATH = YES;
				ONLY_ACTIVE_ARCH = YES;
				SDKROOT = iphoneos;
				SWIFT_ACTIVE_COMPILATION_CONDITIONS = DEBUG;
				SWIFT_OPTIMIZATION_LEVEL = "-Onone";
			};
			name = Debug;
		};
		828BEA272A58EF5C00F031EA /* Release */ = {
			isa = XCBuildConfiguration;
			buildSettings = {
				ALWAYS_SEARCH_USER_PATHS = NO;
				CLANG_ANALYZER_NONNULL = YES;
				CLANG_ANALYZER_NUMBER_OBJECT_CONVERSION = YES_AGGRESSIVE;
				CLANG_CXX_LANGUAGE_STANDARD = "gnu++20";
				CLANG_ENABLE_MODULES = YES;
				CLANG_ENABLE_OBJC_ARC = YES;
				CLANG_ENABLE_OBJC_WEAK = YES;
				CLANG_WARN_BLOCK_CAPTURE_AUTORELEASING = YES;
				CLANG_WARN_BOOL_CONVERSION = YES;
				CLANG_WARN_COMMA = YES;
				CLANG_WARN_CONSTANT_CONVERSION = YES;
				CLANG_WARN_DEPRECATED_OBJC_IMPLEMENTATIONS = YES;
				CLANG_WARN_DIRECT_OBJC_ISA_USAGE = YES_ERROR;
				CLANG_WARN_DOCUMENTATION_COMMENTS = YES;
				CLANG_WARN_EMPTY_BODY = YES;
				CLANG_WARN_ENUM_CONVERSION = YES;
				CLANG_WARN_INFINITE_RECURSION = YES;
				CLANG_WARN_INT_CONVERSION = YES;
				CLANG_WARN_NON_LITERAL_NULL_CONVERSION = YES;
				CLANG_WARN_OBJC_IMPLICIT_RETAIN_SELF = YES;
				CLANG_WARN_OBJC_LITERAL_CONVERSION = YES;
				CLANG_WARN_OBJC_ROOT_CLASS = YES_ERROR;
				CLANG_WARN_QUOTED_INCLUDE_IN_FRAMEWORK_HEADER = YES;
				CLANG_WARN_RANGE_LOOP_ANALYSIS = YES;
				CLANG_WARN_STRICT_PROTOTYPES = YES;
				CLANG_WARN_SUSPICIOUS_MOVE = YES;
				CLANG_WARN_UNGUARDED_AVAILABILITY = YES_AGGRESSIVE;
				CLANG_WARN_UNREACHABLE_CODE = YES;
				CLANG_WARN__DUPLICATE_METHOD_MATCH = YES;
				COPY_PHASE_STRIP = NO;
				DEBUG_INFORMATION_FORMAT = "dwarf-with-dsym";
				ENABLE_NS_ASSERTIONS = NO;
				ENABLE_STRICT_OBJC_MSGSEND = YES;
				GCC_C_LANGUAGE_STANDARD = gnu11;
				GCC_NO_COMMON_BLOCKS = YES;
				GCC_WARN_64_TO_32_BIT_CONVERSION = YES;
				GCC_WARN_ABOUT_RETURN_TYPE = YES_ERROR;
				GCC_WARN_UNDECLARED_SELECTOR = YES;
				GCC_WARN_UNINITIALIZED_AUTOS = YES_AGGRESSIVE;
				GCC_WARN_UNUSED_FUNCTION = YES;
				GCC_WARN_UNUSED_VARIABLE = YES;
				IPHONEOS_DEPLOYMENT_TARGET = 16.4;
				MTL_ENABLE_DEBUG_INFO = NO;
				MTL_FAST_MATH = YES;
				SDKROOT = iphoneos;
				SWIFT_COMPILATION_MODE = wholemodule;
				SWIFT_OPTIMIZATION_LEVEL = "-O";
				VALIDATE_PRODUCT = YES;
			};
			name = Release;
		};
		828BEA292A58EF5C00F031EA /* Debug */ = {
			isa = XCBuildConfiguration;
			buildSettings = {
				ASSETCATALOG_COMPILER_APPICON_NAME = AppIcon;
				ASSETCATALOG_COMPILER_GLOBAL_ACCENT_COLOR_NAME = AccentColor;
				CODE_SIGN_STYLE = Automatic;
				CURRENT_PROJECT_VERSION = 1;
				DEVELOPMENT_ASSET_PATHS = "\"iDNS/Preview Content\"";
				ENABLE_PREVIEWS = YES;
				GENERATE_INFOPLIST_FILE = YES;
				INFOPLIST_KEY_UIApplicationSceneManifest_Generation = YES;
				INFOPLIST_KEY_UIApplicationSupportsIndirectInputEvents = YES;
				INFOPLIST_KEY_UILaunchScreen_Generation = YES;
				INFOPLIST_KEY_UISupportedInterfaceOrientations_iPad = "UIInterfaceOrientationPortrait UIInterfaceOrientationPortraitUpsideDown UIInterfaceOrientationLandscapeLeft UIInterfaceOrientationLandscapeRight";
				INFOPLIST_KEY_UISupportedInterfaceOrientations_iPhone = "UIInterfaceOrientationPortrait UIInterfaceOrientationLandscapeLeft UIInterfaceOrientationLandscapeRight";
				LD_RUNPATH_SEARCH_PATHS = (
					"$(inherited)",
					"@executable_path/Frameworks",
				);
				MARKETING_VERSION = 1.0;
				PRODUCT_BUNDLE_IDENTIFIER = arustydev.iDNS;
				PRODUCT_NAME = "$(TARGET_NAME)";
				SWIFT_EMIT_LOC_STRINGS = YES;
				SWIFT_VERSION = 5.0;
				TARGETED_DEVICE_FAMILY = "1,2";
			};
			name = Debug;
		};
		828BEA2A2A58EF5C00F031EA /* Release */ = {
			isa = XCBuildConfiguration;
			buildSettings = {
				ASSETCATALOG_COMPILER_APPICON_NAME = AppIcon;
				ASSETCATALOG_COMPILER_GLOBAL_ACCENT_COLOR_NAME = AccentColor;
				CODE_SIGN_STYLE = Automatic;
				CURRENT_PROJECT_VERSION = 1;
				DEVELOPMENT_ASSET_PATHS = "\"iDNS/Preview Content\"";
				ENABLE_PREVIEWS = YES;
				GENERATE_INFOPLIST_FILE = YES;
				INFOPLIST_KEY_UIApplicationSceneManifest_Generation = YES;
				INFOPLIST_KEY_UIApplicationSupportsIndirectInputEvents = YES;
				INFOPLIST_KEY_UILaunchScreen_Generation = YES;
				INFOPLIST_KEY_UISupportedInterfaceOrientations_iPad = "UIInterfaceOrientationPortrait UIInterfaceOrientationPortraitUpsideDown UIInterfaceOrientationLandscapeLeft UIInterfaceOrientationLandscapeRight";
				INFOPLIST_KEY_UISupportedInterfaceOrientations_iPhone = "UIInterfaceOrientationPortrait UIInterfaceOrientationLandscapeLeft UIInterfaceOrientationLandscapeRight";
				LD_RUNPATH_SEARCH_PATHS = (
					"$(inherited)",
					"@executable_path/Frameworks",
				);
				MARKETING_VERSION = 1.0;
				PRODUCT_BUNDLE_IDENTIFIER = arustydev.iDNS;
				PRODUCT_NAME = "$(TARGET_NAME)";
				SWIFT_EMIT_LOC_STRINGS = YES;
				SWIFT_VERSION = 5.0;
				TARGETED_DEVICE_FAMILY = "1,2";
			};
			name = Release;
		};
		828BEA2C2A58EF5C00F031EA /* Debug */ = {
			isa = XCBuildConfiguration;
			buildSettings = {
				ALWAYS_EMBED_SWIFT_STANDARD_LIBRARIES = YES;
				BUNDLE_LOADER = "$(TEST_HOST)";
				CODE_SIGN_STYLE = Automatic;
				CURRENT_PROJECT_VERSION = 1;
				GENERATE_INFOPLIST_FILE = YES;
				IPHONEOS_DEPLOYMENT_TARGET = 16.4;
				MARKETING_VERSION = 1.0;
				PRODUCT_BUNDLE_IDENTIFIER = arustydev.iDNSTests;
				PRODUCT_NAME = "$(TARGET_NAME)";
				SWIFT_EMIT_LOC_STRINGS = NO;
				SWIFT_VERSION = 5.0;
				TARGETED_DEVICE_FAMILY = "1,2";
				TEST_HOST = "$(BUILT_PRODUCTS_DIR)/iDNS.app/$(BUNDLE_EXECUTABLE_FOLDER_PATH)/iDNS";
			};
			name = Debug;
		};
		828BEA2D2A58EF5C00F031EA /* Release */ = {
			isa = XCBuildConfiguration;
			buildSettings = {
				ALWAYS_EMBED_SWIFT_STANDARD_LIBRARIES = YES;
				BUNDLE_LOADER = "$(TEST_HOST)";
				CODE_SIGN_STYLE = Automatic;
				CURRENT_PROJECT_VERSION = 1;
				GENERATE_INFOPLIST_FILE = YES;
				IPHONEOS_DEPLOYMENT_TARGET = 16.4;
				MARKETING_VERSION = 1.0;
				PRODUCT_BUNDLE_IDENTIFIER = arustydev.iDNSTests;
				PRODUCT_NAME = "$(TARGET_NAME)";
				SWIFT_EMIT_LOC_STRINGS = NO;
				SWIFT_VERSION = 5.0;
				TARGETED_DEVICE_FAMILY = "1,2";
				TEST_HOST = "$(BUILT_PRODUCTS_DIR)/iDNS.app/$(BUNDLE_EXECUTABLE_FOLDER_PATH)/iDNS";
			};
			name = Release;
		};
		828BEA2F2A58EF5C00F031EA /* Debug */ = {
			isa = XCBuildConfiguration;
			buildSettings = {
				ALWAYS_EMBED_SWIFT_STANDARD_LIBRARIES = YES;
				CODE_SIGN_STYLE = Automatic;
				CURRENT_PROJECT_VERSION = 1;
				GENERATE_INFOPLIST_FILE = YES;
				MARKETING_VERSION = 1.0;
				PRODUCT_BUNDLE_IDENTIFIER = arustydev.iDNSUITests;
				PRODUCT_NAME = "$(TARGET_NAME)";
				SWIFT_EMIT_LOC_STRINGS = NO;
				SWIFT_VERSION = 5.0;
				TARGETED_DEVICE_FAMILY = "1,2";
				TEST_TARGET_NAME = iDNS;
			};
			name = Debug;
		};
		828BEA302A58EF5C00F031EA /* Release */ = {
			isa = XCBuildConfiguration;
			buildSettings = {
				ALWAYS_EMBED_SWIFT_STANDARD_LIBRARIES = YES;
				CODE_SIGN_STYLE = Automatic;
				CURRENT_PROJECT_VERSION = 1;
				GENERATE_INFOPLIST_FILE = YES;
				MARKETING_VERSION = 1.0;
				PRODUCT_BUNDLE_IDENTIFIER = arustydev.iDNSUITests;
				PRODUCT_NAME = "$(TARGET_NAME)";
				SWIFT_EMIT_LOC_STRINGS = NO;
				SWIFT_VERSION = 5.0;
				TARGETED_DEVICE_FAMILY = "1,2";
				TEST_TARGET_NAME = iDNS;
			};
			name = Release;
		};
/* End XCBuildConfiguration section */

/* Begin XCConfigurationList section */
		828BE9FA2A58EF5A00F031EA /* Build configuration list for PBXProject "iDNS" */ = {
			isa = XCConfigurationList;
			buildConfigurations = (
				828BEA262A58EF5C00F031EA /* Debug */,
				828BEA272A58EF5C00F031EA /* Release */,
			);
			defaultConfigurationIsVisible = 0;
			defaultConfigurationName = Release;
		};
		828BEA282A58EF5C00F031EA /* Build configuration list for PBXNativeTarget "iDNS" */ = {
			isa = XCConfigurationList;
			buildConfigurations = (
				828BEA292A58EF5C00F031EA /* Debug */,
				828BEA2A2A58EF5C00F031EA /* Release */,
			);
			defaultConfigurationIsVisible = 0;
			defaultConfigurationName = Release;
		};
		828BEA2B2A58EF5C00F031EA /* Build configuration list for PBXNativeTarget "iDNSTests" */ = {
			isa = XCConfigurationList;
			buildConfigurations = (
				828BEA2C2A58EF5C00F031EA /* Debug */,
				828BEA2D2A58EF5C00F031EA /* Release */,
			);
			defaultConfigurationIsVisible = 0;
			defaultConfigurationName = Release;
		};
		828BEA2E2A58EF5C00F031EA /* Build configuration list for PBXNativeTarget "iDNSUITests" */ = {
			isa = XCConfigurationList;
			buildConfigurations = (
				828BEA2F2A58EF5C00F031EA /* Debug */,
				828BEA302A58EF5C00F031EA /* Release */,
			);
			defaultConfigurationIsVisible = 0;
			defaultConfigurationName = Release;
		};
/* End XCConfigurationList section */

/* Begin XCVersionGroup section */
		828BEA0D2A58EF5C00F031EA /* iDNS.xcdatamodeld */ = {
			isa = XCVersionGroup;
			children = (
				828BEA0E2A58EF5C00F031EA /* iDNS.xcdatamodel */,
			);
			currentVersion = 828BEA0E2A58EF5C00F031EA /* iDNS.xcdatamodel */;
			path = iDNS.xcdatamodeld;
			sourceTree = "<group>";
			versionGroupType = wrapper.xcdatamodel;
		};
/* End XCVersionGroup section */
	};
	rootObject = 828BE9F72A58EF5A00F031EA /* Project object */;
}
